
Microsoft Visual Studio Solution File, Format Version 12.00
# Visual Studio Version 17
VisualStudioVersion = 17.7.34009.444
MinimumVisualStudioVersion = 10.0.40219.1
Project("{FAE04EC0-301F-11D3-BF4B-00C04F79EFBC}") = "practic6ConsoleApp", "practic6ConsoleApp\practic6ConsoleApp.csproj", "{10CFEECC-7658-4637-B646-27BDD050F7F8}"
EndProject
Global
	GlobalSection(SolutionConfigurationPlatforms) = preSolution
		Debug|Any CPU = Debug|Any CPU
		Release|Any CPU = Release|Any CPU
	EndGlobalSection
	GlobalSection(ProjectConfigurationPlatforms) = postSolution
		{10CFEECC-7658-4637-B646-27BDD050F7F8}.Debug|Any CPU.ActiveCfg = Debug|Any CPU
		{10CFEECC-7658-4637-B646-27BDD050F7F8}.Debug|Any CPU.Build.0 = Debug|Any CPU
		{10CFEECC-7658-4637-B646-27BDD050F7F8}.Release|Any CPU.ActiveCfg = Release|Any CPU
		{10CFEECC-7658-4637-B646-27BDD050F7F8}.Release|Any CPU.Build.0 = Release|Any CPU
	EndGlobalSection
	GlobalSection(SolutionProperties) = preSolution
		HideSolutionNode = FALSE
	EndGlobalSection
	GlobalSection(ExtensibilityGlobals) = postSolution
		SolutionGuid = {C35D4243-5E24-4FB3-A9B2-277650E3F3CA}
	EndGlobalSection
EndGlobal
